
Microsoft Visual Studio Solution File, Format Version 12.00
# Visual Studio Version 17
VisualStudioVersion = 17.0.31903.59
MinimumVisualStudioVersion = 10.0.40219.1
Project("{2150E333-8FDC-42A3-9474-1A3956D46DE8}") = "src", "src", "{827E0CD3-B72D-47B6-A68D-7590B98EB39B}"
EndProject
Project("{FAE04EC0-301F-11D3-BF4B-00C04F79EFBC}") = "TrainingApp.Api", "src\TrainingApp.Api\TrainingApp.Api.csproj", "{DEBA7087-2B3C-4907-A84D-2DF20B3D468D}"
EndProject
Project("{FAE04EC0-301F-11D3-BF4B-00C04F79EFBC}") = "TrainingApp.Core", "src\TrainingApp.Core\TrainingApp.Core.csproj", "{600839E1-3235-4B3A-8012-782F3FE1B9C4}"
EndProject
Project("{FAE04EC0-301F-11D3-BF4B-00C04F79EFBC}") = "TrainingApp.Infrastructure", "src\TrainingApp.Infrastructure\TrainingApp.Infrastructure.csproj", "{34100451-0697-4E8F-A30E-F95E172C3784}"
EndProject
Project("{FAE04EC0-301F-11D3-BF4B-00C04F79EFBC}") = "TrainingApp.Orchestration", "src\TrainingApp.Orchestration\TrainingApp.Orchestration.csproj", "{CD19D209-6617-4B5A-A7E0-5ECA75214EBD}"
EndProject
Project("{2150E333-8FDC-42A3-9474-1A3956D46DE8}") = "tests", "tests", "{0AB3BF05-4346-4AA6-1389-037BE0695223}"
EndProject
Project("{FAE04EC0-301F-11D3-BF4B-00C04F79EFBC}") = "TrainingApp.Core.Tests", "tests\TrainingApp.Core.Tests\TrainingApp.Core.Tests.csproj", "{A625DAAF-8834-4FDC-9CA0-31FC987D2BC7}"
EndProject
Project("{FAE04EC0-301F-11D3-BF4B-00C04F79EFBC}") = "TrainingApp.Api.Tests", "tests\TrainingApp.Api.Tests\TrainingApp.Api.Tests.csproj", "{ACDF1880-6C9C-4CE6-8A8D-2D2A2CF62443}"
EndProject
Project("{FAE04EC0-301F-11D3-BF4B-00C04F79EFBC}") = "TrainingApp.Integration.Tests", "tests\TrainingApp.Integration.Tests\TrainingApp.Integration.Tests.csproj", "{57EB84B3-D1AA-4946-B709-826BA7D23E61}"
EndProject
Global
	GlobalSection(SolutionConfigurationPlatforms) = preSolution
		Debug|Any CPU = Debug|Any CPU
		Debug|x64 = Debug|x64
		Debug|x86 = Debug|x86
		Release|Any CPU = Release|Any CPU
		Release|x64 = Release|x64
		Release|x86 = Release|x86
	EndGlobalSection
	GlobalSection(ProjectConfigurationPlatforms) = postSolution
		{DEBA7087-2B3C-4907-A84D-2DF20B3D468D}.Debug|Any CPU.ActiveCfg = Debug|Any CPU
		{DEBA7087-2B3C-4907-A84D-2DF20B3D468D}.Debug|Any CPU.Build.0 = Debug|Any CPU
		{DEBA7087-2B3C-4907-A84D-2DF20B3D468D}.Debug|x64.ActiveCfg = Debug|Any CPU
		{DEBA7087-2B3C-4907-A84D-2DF20B3D468D}.Debug|x64.Build.0 = Debug|Any CPU
		{DEBA7087-2B3C-4907-A84D-2DF20B3D468D}.Debug|x86.ActiveCfg = Debug|Any CPU
		{DEBA7087-2B3C-4907-A84D-2DF20B3D468D}.Debug|x86.Build.0 = Debug|Any CPU
		{DEBA7087-2B3C-4907-A84D-2DF20B3D468D}.Release|Any CPU.ActiveCfg = Release|Any CPU
		{DEBA7087-2B3C-4907-A84D-2DF20B3D468D}.Release|Any CPU.Build.0 = Release|Any CPU
		{DEBA7087-2B3C-4907-A84D-2DF20B3D468D}.Release|x64.ActiveCfg = Release|Any CPU
		{DEBA7087-2B3C-4907-A84D-2DF20B3D468D}.Release|x64.Build.0 = Release|Any CPU
		{DEBA7087-2B3C-4907-A84D-2DF20B3D468D}.Release|x86.ActiveCfg = Release|Any CPU
		{DEBA7087-2B3C-4907-A84D-2DF20B3D468D}.Release|x86.Build.0 = Release|Any CPU
		{600839E1-3235-4B3A-8012-782F3FE1B9C4}.Debug|Any CPU.ActiveCfg = Debug|Any CPU
		{600839E1-3235-4B3A-8012-782F3FE1B9C4}.Debug|Any CPU.Build.0 = Debug|Any CPU
		{600839E1-3235-4B3A-8012-782F3FE1B9C4}.Debug|x64.ActiveCfg = Debug|Any CPU
		{600839E1-3235-4B3A-8012-782F3FE1B9C4}.Debug|x64.Build.0 = Debug|Any CPU
		{600839E1-3235-4B3A-8012-782F3FE1B9C4}.Debug|x86.ActiveCfg = Debug|Any CPU
		{600839E1-3235-4B3A-8012-782F3FE1B9C4}.Debug|x86.Build.0 = Debug|Any CPU
		{600839E1-3235-4B3A-8012-782F3FE1B9C4}.Release|Any CPU.ActiveCfg = Release|Any CPU
		{600839E1-3235-4B3A-8012-782F3FE1B9C4}.Release|Any CPU.Build.0 = Release|Any CPU
		{600839E1-3235-4B3A-8012-782F3FE1B9C4}.Release|x64.ActiveCfg = Release|Any CPU
		{600839E1-3235-4B3A-8012-782F3FE1B9C4}.Release|x64.Build.0 = Release|Any CPU
		{600839E1-3235-4B3A-8012-782F3FE1B9C4}.Release|x86.ActiveCfg = Release|Any CPU
		{600839E1-3235-4B3A-8012-782F3FE1B9C4}.Release|x86.Build.0 = Release|Any CPU
		{34100451-0697-4E8F-A30E-F95E172C3784}.Debug|Any CPU.ActiveCfg = Debug|Any CPU
		{34100451-0697-4E8F-A30E-F95E172C3784}.Debug|Any CPU.Build.0 = Debug|Any CPU
		{34100451-0697-4E8F-A30E-F95E172C3784}.Debug|x64.ActiveCfg = Debug|Any CPU
		{34100451-0697-4E8F-A30E-F95E172C3784}.Debug|x64.Build.0 = Debug|Any CPU
		{34100451-0697-4E8F-A30E-F95E172C3784}.Debug|x86.ActiveCfg = Debug|Any CPU
		{34100451-0697-4E8F-A30E-F95E172C3784}.Debug|x86.Build.0 = Debug|Any CPU
		{34100451-0697-4E8F-A30E-F95E172C3784}.Release|Any CPU.ActiveCfg = Release|Any CPU
		{34100451-0697-4E8F-A30E-F95E172C3784}.Release|Any CPU.Build.0 = Release|Any CPU
		{34100451-0697-4E8F-A30E-F95E172C3784}.Release|x64.ActiveCfg = Release|Any CPU
		{34100451-0697-4E8F-A30E-F95E172C3784}.Release|x64.Build.0 = Release|Any CPU
		{34100451-0697-4E8F-A30E-F95E172C3784}.Release|x86.ActiveCfg = Release|Any CPU
		{34100451-0697-4E8F-A30E-F95E172C3784}.Release|x86.Build.0 = Release|Any CPU
		{CD19D209-6617-4B5A-A7E0-5ECA75214EBD}.Debug|Any CPU.ActiveCfg = Debug|Any CPU
		{CD19D209-6617-4B5A-A7E0-5ECA75214EBD}.Debug|Any CPU.Build.0 = Debug|Any CPU
		{CD19D209-6617-4B5A-A7E0-5ECA75214EBD}.Debug|x64.ActiveCfg = Debug|Any CPU
		{CD19D209-6617-4B5A-A7E0-5ECA75214EBD}.Debug|x64.Build.0 = Debug|Any CPU
		{CD19D209-6617-4B5A-A7E0-5ECA75214EBD}.Debug|x86.ActiveCfg = Debug|Any CPU
		{CD19D209-6617-4B5A-A7E0-5ECA75214EBD}.Debug|x86.Build.0 = Debug|Any CPU
		{CD19D209-6617-4B5A-A7E0-5ECA75214EBD}.Release|Any CPU.ActiveCfg = Release|Any CPU
		{CD19D209-6617-4B5A-A7E0-5ECA75214EBD}.Release|Any CPU.Build.0 = Release|Any CPU
		{CD19D209-6617-4B5A-A7E0-5ECA75214EBD}.Release|x64.ActiveCfg = Release|Any CPU
		{CD19D209-6617-4B5A-A7E0-5ECA75214EBD}.Release|x64.Build.0 = Release|Any CPU
		{CD19D209-6617-4B5A-A7E0-5ECA75214EBD}.Release|x86.ActiveCfg = Release|Any CPU
		{CD19D209-6617-4B5A-A7E0-5ECA75214EBD}.Release|x86.Build.0 = Release|Any CPU
		{A625DAAF-8834-4FDC-9CA0-31FC987D2BC7}.Debug|Any CPU.ActiveCfg = Debug|Any CPU
		{A625DAAF-8834-4FDC-9CA0-31FC987D2BC7}.Debug|Any CPU.Build.0 = Debug|Any CPU
		{A625DAAF-8834-4FDC-9CA0-31FC987D2BC7}.Debug|x64.ActiveCfg = Debug|Any CPU
		{A625DAAF-8834-4FDC-9CA0-31FC987D2BC7}.Debug|x64.Build.0 = Debug|Any CPU
		{A625DAAF-8834-4FDC-9CA0-31FC987D2BC7}.Debug|x86.ActiveCfg = Debug|Any CPU
		{A625DAAF-8834-4FDC-9CA0-31FC987D2BC7}.Debug|x86.Build.0 = Debug|Any CPU
		{A625DAAF-8834-4FDC-9CA0-31FC987D2BC7}.Release|Any CPU.ActiveCfg = Release|Any CPU
		{A625DAAF-8834-4FDC-9CA0-31FC987D2BC7}.Release|Any CPU.Build.0 = Release|Any CPU
		{A625DAAF-8834-4FDC-9CA0-31FC987D2BC7}.Release|x64.ActiveCfg = Release|Any CPU
		{A625DAAF-8834-4FDC-9CA0-31FC987D2BC7}.Release|x64.Build.0 = Release|Any CPU
		{A625DAAF-8834-4FDC-9CA0-31FC987D2BC7}.Release|x86.ActiveCfg = Release|Any CPU
		{A625DAAF-8834-4FDC-9CA0-31FC987D2BC7}.Release|x86.Build.0 = Release|Any CPU
		{ACDF1880-6C9C-4CE6-8A8D-2D2A2CF62443}.Debug|Any CPU.ActiveCfg = Debug|Any CPU
		{ACDF1880-6C9C-4CE6-8A8D-2D2A2CF62443}.Debug|Any CPU.Build.0 = Debug|Any CPU
		{ACDF1880-6C9C-4CE6-8A8D-2D2A2CF62443}.Debug|x64.ActiveCfg = Debug|Any CPU
		{ACDF1880-6C9C-4CE6-8A8D-2D2A2CF62443}.Debug|x64.Build.0 = Debug|Any CPU
		{ACDF1880-6C9C-4CE6-8A8D-2D2A2CF62443}.Debug|x86.ActiveCfg = Debug|Any CPU
		{ACDF1880-6C9C-4CE6-8A8D-2D2A2CF62443}.Debug|x86.Build.0 = Debug|Any CPU
		{ACDF1880-6C9C-4CE6-8A8D-2D2A2CF62443}.Release|Any CPU.ActiveCfg = Release|Any CPU
		{ACDF1880-6C9C-4CE6-8A8D-2D2A2CF62443}.Release|Any CPU.Build.0 = Release|Any CPU
		{ACDF1880-6C9C-4CE6-8A8D-2D2A2CF62443}.Release|x64.ActiveCfg = Release|Any CPU
		{ACDF1880-6C9C-4CE6-8A8D-2D2A2CF62443}.Release|x64.Build.0 = Release|Any CPU
		{ACDF1880-6C9C-4CE6-8A8D-2D2A2CF62443}.Release|x86.ActiveCfg = Release|Any CPU
		{ACDF1880-6C9C-4CE6-8A8D-2D2A2CF62443}.Release|x86.Build.0 = Release|Any CPU
		{57EB84B3-D1AA-4946-B709-826BA7D23E61}.Debug|Any CPU.ActiveCfg = Debug|Any CPU
		{57EB84B3-D1AA-4946-B709-826BA7D23E61}.Debug|Any CPU.Build.0 = Debug|Any CPU
		{57EB84B3-D1AA-4946-B709-826BA7D23E61}.Debug|x64.ActiveCfg = Debug|Any CPU
		{57EB84B3-D1AA-4946-B709-826BA7D23E61}.Debug|x64.Build.0 = Debug|Any CPU
		{57EB84B3-D1AA-4946-B709-826BA7D23E61}.Debug|x86.ActiveCfg = Debug|Any CPU
		{57EB84B3-D1AA-4946-B709-826BA7D23E61}.Debug|x86.Build.0 = Debug|Any CPU
		{57EB84B3-D1AA-4946-B709-826BA7D23E61}.Release|Any CPU.ActiveCfg = Release|Any CPU
		{57EB84B3-D1AA-4946-B709-826BA7D23E61}.Release|Any CPU.Build.0 = Release|Any CPU
		{57EB84B3-D1AA-4946-B709-826BA7D23E61}.Release|x64.ActiveCfg = Release|Any CPU
		{57EB84B3-D1AA-4946-B709-826BA7D23E61}.Release|x64.Build.0 = Release|Any CPU
		{57EB84B3-D1AA-4946-B709-826BA7D23E61}.Release|x86.ActiveCfg = Release|Any CPU
		{57EB84B3-D1AA-4946-B709-826BA7D23E61}.Release|x86.Build.0 = Release|Any CPU
	EndGlobalSection
	GlobalSection(SolutionProperties) = preSolution
		HideSolutionNode = FALSE
	EndGlobalSection
	GlobalSection(NestedProjects) = preSolution
		{DEBA7087-2B3C-4907-A84D-2DF20B3D468D} = {827E0CD3-B72D-47B6-A68D-7590B98EB39B}
		{600839E1-3235-4B3A-8012-782F3FE1B9C4} = {827E0CD3-B72D-47B6-A68D-7590B98EB39B}
		{34100451-0697-4E8F-A30E-F95E172C3784} = {827E0CD3-B72D-47B6-A68D-7590B98EB39B}
		{CD19D209-6617-4B5A-A7E0-5ECA75214EBD} = {827E0CD3-B72D-47B6-A68D-7590B98EB39B}
		{A625DAAF-8834-4FDC-9CA0-31FC987D2BC7} = {0AB3BF05-4346-4AA6-1389-037BE0695223}
		{ACDF1880-6C9C-4CE6-8A8D-2D2A2CF62443} = {0AB3BF05-4346-4AA6-1389-037BE0695223}
		{57EB84B3-D1AA-4946-B709-826BA7D23E61} = {0AB3BF05-4346-4AA6-1389-037BE0695223}
	EndGlobalSection
EndGlobal
